
Microsoft Visual Studio Solution File, Format Version 12.00
# Visual Studio Version 17
VisualStudioVersion = 17.8.34525.116
MinimumVisualStudioVersion = 10.0.40219.1
Project("{9A19103F-16F7-4668-BE54-9A1E7A4F7556}") = "Cascading Subsets", "Cascading Subsets\Cascading Subsets.csproj", "{C89548BC-6587-4FBD-9A0B-72D4F3BDAB8C}"
EndProject
Project("{9A19103F-16F7-4668-BE54-9A1E7A4F7556}") = "Remove All The Marked Elements of a List", "Remove All The Marked Elements of a List\Remove All The Marked Elements of a List.csproj", "{319F1D77-8921-438E-AF3E-36845CAE045E}"
EndProject
Project("{9A19103F-16F7-4668-BE54-9A1E7A4F7556}") = "Decode the Morse code", "Decode the Morse code\Decode the Morse code.csproj", "{AE2760D0-66C3-48DF-8F81-D23692FABD86}"
EndProject
Project("{9A19103F-16F7-4668-BE54-9A1E7A4F7556}") = "How Many Numbers", "How Many Numbers\How Many Numbers.csproj", "{4F3D4B84-5F72-48BC-A4D0-E13B354D2C05}"
EndProject
Project("{9A19103F-16F7-4668-BE54-9A1E7A4F7556}") = "Find The Parity Outlier", "Find The Parity Outlier\Find The Parity Outlier.csproj", "{19E99889-20DD-47EF-A920-7CBDA3AEE450}"
EndProject
Project("{9A19103F-16F7-4668-BE54-9A1E7A4F7556}") = "Find the integer Partition", "Find the integer Partition\Find the integer Partition.csproj", "{5B29B782-19B9-42ED-9C28-745B125245EC}"
EndProject
Project("{9A19103F-16F7-4668-BE54-9A1E7A4F7556}") = "How Many Numbers 2", "How Many Numbers 2\How Many Numbers 2.csproj", "{EEF67FAD-6D61-4F20-BEA1-B138FD9F3282}"
EndProject
Project("{9A19103F-16F7-4668-BE54-9A1E7A4F7556}") = "Maximum subarray sum", "Maximum subarray sum\Maximum subarray sum.csproj", "{5679E2A7-C062-445C-B025-B1A86D202004}"
EndProject
Project("{9A19103F-16F7-4668-BE54-9A1E7A4F7556}") = "Detect Pangram", "Detect Pangram\Detect Pangram.csproj", "{A3DB4839-F27E-419D-A919-E296D0144330}"
EndProject
Project("{9A19103F-16F7-4668-BE54-9A1E7A4F7556}") = "ROT13", "ROT13\ROT13.csproj", "{84AF1B31-FA22-4A7B-B4A3-4C3118BC0580}"
EndProject
Project("{9A19103F-16F7-4668-BE54-9A1E7A4F7556}") = "Pick Peaks", "Pick Peaks\Pick Peaks.csproj", "{1115D6D5-B4B8-4EF9-949E-EDA4E89798F0}"
EndProject
Project("{9A19103F-16F7-4668-BE54-9A1E7A4F7556}") = "Tic-Tac-Toe Checker", "Tic-Tac-Toe Checker\Tic-Tac-Toe Checker.csproj", "{F5581C0C-DBEB-4B29-A8E8-3DD640217246}"
EndProject
Project("{9A19103F-16F7-4668-BE54-9A1E7A4F7556}") = "Find next higher number with same Bits (1's)", "Find next higher number with same Bits (1's)\Find next higher number with same Bits (1's).csproj", "{5C0379D3-A29F-419C-98E1-9C23DAA1A127}"
EndProject
Project("{FAE04EC0-301F-11D3-BF4B-00C04F79EFBC}") = "Count IP Addresses", "Count IP Addresses\Count IP Addresses.csproj", "{069710EB-F182-4CD1-9AAA-EDB62DED4CAF}"
EndProject
Global
	GlobalSection(SolutionConfigurationPlatforms) = preSolution
		Debug|Any CPU = Debug|Any CPU
		Release|Any CPU = Release|Any CPU
	EndGlobalSection
	GlobalSection(ProjectConfigurationPlatforms) = postSolution
		{C89548BC-6587-4FBD-9A0B-72D4F3BDAB8C}.Debug|Any CPU.ActiveCfg = Debug|Any CPU
		{C89548BC-6587-4FBD-9A0B-72D4F3BDAB8C}.Debug|Any CPU.Build.0 = Debug|Any CPU
		{C89548BC-6587-4FBD-9A0B-72D4F3BDAB8C}.Release|Any CPU.ActiveCfg = Release|Any CPU
		{C89548BC-6587-4FBD-9A0B-72D4F3BDAB8C}.Release|Any CPU.Build.0 = Release|Any CPU
		{319F1D77-8921-438E-AF3E-36845CAE045E}.Debug|Any CPU.ActiveCfg = Debug|Any CPU
		{319F1D77-8921-438E-AF3E-36845CAE045E}.Debug|Any CPU.Build.0 = Debug|Any CPU
		{319F1D77-8921-438E-AF3E-36845CAE045E}.Release|Any CPU.ActiveCfg = Release|Any CPU
		{319F1D77-8921-438E-AF3E-36845CAE045E}.Release|Any CPU.Build.0 = Release|Any CPU
		{AE2760D0-66C3-48DF-8F81-D23692FABD86}.Debug|Any CPU.ActiveCfg = Debug|Any CPU
		{AE2760D0-66C3-48DF-8F81-D23692FABD86}.Debug|Any CPU.Build.0 = Debug|Any CPU
		{AE2760D0-66C3-48DF-8F81-D23692FABD86}.Release|Any CPU.ActiveCfg = Release|Any CPU
		{AE2760D0-66C3-48DF-8F81-D23692FABD86}.Release|Any CPU.Build.0 = Release|Any CPU
		{4F3D4B84-5F72-48BC-A4D0-E13B354D2C05}.Debug|Any CPU.ActiveCfg = Debug|Any CPU
		{4F3D4B84-5F72-48BC-A4D0-E13B354D2C05}.Debug|Any CPU.Build.0 = Debug|Any CPU
		{4F3D4B84-5F72-48BC-A4D0-E13B354D2C05}.Release|Any CPU.ActiveCfg = Release|Any CPU
		{4F3D4B84-5F72-48BC-A4D0-E13B354D2C05}.Release|Any CPU.Build.0 = Release|Any CPU
		{19E99889-20DD-47EF-A920-7CBDA3AEE450}.Debug|Any CPU.ActiveCfg = Debug|Any CPU
		{19E99889-20DD-47EF-A920-7CBDA3AEE450}.Debug|Any CPU.Build.0 = Debug|Any CPU
		{19E99889-20DD-47EF-A920-7CBDA3AEE450}.Release|Any CPU.ActiveCfg = Release|Any CPU
		{19E99889-20DD-47EF-A920-7CBDA3AEE450}.Release|Any CPU.Build.0 = Release|Any CPU
		{5B29B782-19B9-42ED-9C28-745B125245EC}.Debug|Any CPU.ActiveCfg = Debug|Any CPU
		{5B29B782-19B9-42ED-9C28-745B125245EC}.Debug|Any CPU.Build.0 = Debug|Any CPU
		{5B29B782-19B9-42ED-9C28-745B125245EC}.Release|Any CPU.ActiveCfg = Release|Any CPU
		{5B29B782-19B9-42ED-9C28-745B125245EC}.Release|Any CPU.Build.0 = Release|Any CPU
		{EEF67FAD-6D61-4F20-BEA1-B138FD9F3282}.Debug|Any CPU.ActiveCfg = Debug|Any CPU
		{EEF67FAD-6D61-4F20-BEA1-B138FD9F3282}.Debug|Any CPU.Build.0 = Debug|Any CPU
		{EEF67FAD-6D61-4F20-BEA1-B138FD9F3282}.Release|Any CPU.ActiveCfg = Release|Any CPU
		{EEF67FAD-6D61-4F20-BEA1-B138FD9F3282}.Release|Any CPU.Build.0 = Release|Any CPU
		{5679E2A7-C062-445C-B025-B1A86D202004}.Debug|Any CPU.ActiveCfg = Debug|Any CPU
		{5679E2A7-C062-445C-B025-B1A86D202004}.Debug|Any CPU.Build.0 = Debug|Any CPU
		{5679E2A7-C062-445C-B025-B1A86D202004}.Release|Any CPU.ActiveCfg = Release|Any CPU
		{5679E2A7-C062-445C-B025-B1A86D202004}.Release|Any CPU.Build.0 = Release|Any CPU
		{A3DB4839-F27E-419D-A919-E296D0144330}.Debug|Any CPU.ActiveCfg = Debug|Any CPU
		{A3DB4839-F27E-419D-A919-E296D0144330}.Debug|Any CPU.Build.0 = Debug|Any CPU
		{A3DB4839-F27E-419D-A919-E296D0144330}.Release|Any CPU.ActiveCfg = Release|Any CPU
		{A3DB4839-F27E-419D-A919-E296D0144330}.Release|Any CPU.Build.0 = Release|Any CPU
		{84AF1B31-FA22-4A7B-B4A3-4C3118BC0580}.Debug|Any CPU.ActiveCfg = Debug|Any CPU
		{84AF1B31-FA22-4A7B-B4A3-4C3118BC0580}.Debug|Any CPU.Build.0 = Debug|Any CPU
		{84AF1B31-FA22-4A7B-B4A3-4C3118BC0580}.Release|Any CPU.ActiveCfg = Release|Any CPU
		{84AF1B31-FA22-4A7B-B4A3-4C3118BC0580}.Release|Any CPU.Build.0 = Release|Any CPU
		{1115D6D5-B4B8-4EF9-949E-EDA4E89798F0}.Debug|Any CPU.ActiveCfg = Debug|Any CPU
		{1115D6D5-B4B8-4EF9-949E-EDA4E89798F0}.Debug|Any CPU.Build.0 = Debug|Any CPU
		{1115D6D5-B4B8-4EF9-949E-EDA4E89798F0}.Release|Any CPU.ActiveCfg = Release|Any CPU
		{1115D6D5-B4B8-4EF9-949E-EDA4E89798F0}.Release|Any CPU.Build.0 = Release|Any CPU
		{F5581C0C-DBEB-4B29-A8E8-3DD640217246}.Debug|Any CPU.ActiveCfg = Debug|Any CPU
		{F5581C0C-DBEB-4B29-A8E8-3DD640217246}.Debug|Any CPU.Build.0 = Debug|Any CPU
		{F5581C0C-DBEB-4B29-A8E8-3DD640217246}.Release|Any CPU.ActiveCfg = Release|Any CPU
		{F5581C0C-DBEB-4B29-A8E8-3DD640217246}.Release|Any CPU.Build.0 = Release|Any CPU
		{5C0379D3-A29F-419C-98E1-9C23DAA1A127}.Debug|Any CPU.ActiveCfg = Debug|Any CPU
		{5C0379D3-A29F-419C-98E1-9C23DAA1A127}.Debug|Any CPU.Build.0 = Debug|Any CPU
		{5C0379D3-A29F-419C-98E1-9C23DAA1A127}.Release|Any CPU.ActiveCfg = Release|Any CPU
		{5C0379D3-A29F-419C-98E1-9C23DAA1A127}.Release|Any CPU.Build.0 = Release|Any CPU
		{069710EB-F182-4CD1-9AAA-EDB62DED4CAF}.Debug|Any CPU.ActiveCfg = Debug|Any CPU
		{069710EB-F182-4CD1-9AAA-EDB62DED4CAF}.Debug|Any CPU.Build.0 = Debug|Any CPU
		{069710EB-F182-4CD1-9AAA-EDB62DED4CAF}.Release|Any CPU.ActiveCfg = Release|Any CPU
		{069710EB-F182-4CD1-9AAA-EDB62DED4CAF}.Release|Any CPU.Build.0 = Release|Any CPU
	EndGlobalSection
	GlobalSection(SolutionProperties) = preSolution
		HideSolutionNode = FALSE
	EndGlobalSection
	GlobalSection(ExtensibilityGlobals) = postSolution
		SolutionGuid = {1E8B4BDB-ED19-4C15-AAAA-0F079745C393}
	EndGlobalSection
EndGlobal
